
Microsoft Visual Studio Solution File, Format Version 12.00
# Visual Studio Version 17
VisualStudioVersion = 17.3.32929.385
MinimumVisualStudioVersion = 10.0.40219.1
Project("{FAE04EC0-301F-11D3-BF4B-00C04F79EFBC}") = "SimpleWeatherAPI", "SimpleWeatherAPI\SimpleWeatherAPI.csproj", "{CF5AC99A-CDAD-41EA-9104-A48CF120F7D7}"
EndProject
Global
	GlobalSection(SolutionConfigurationPlatforms) = preSolution
		Debug|Any CPU = Debug|Any CPU
		Release|Any CPU = Release|Any CPU
	EndGlobalSection
	GlobalSection(ProjectConfigurationPlatforms) = postSolution
		{CF5AC99A-CDAD-41EA-9104-A48CF120F7D7}.Debug|Any CPU.ActiveCfg = Debug|Any CPU
		{CF5AC99A-CDAD-41EA-9104-A48CF120F7D7}.Debug|Any CPU.Build.0 = Debug|Any CPU
		{CF5AC99A-CDAD-41EA-9104-A48CF120F7D7}.Release|Any CPU.ActiveCfg = Release|Any CPU
		{CF5AC99A-CDAD-41EA-9104-A48CF120F7D7}.Release|Any CPU.Build.0 = Release|Any CPU
	EndGlobalSection
	GlobalSection(SolutionProperties) = preSolution
		HideSolutionNode = FALSE
	EndGlobalSection
	GlobalSection(ExtensibilityGlobals) = postSolution
		SolutionGuid = {7966F18F-AA4C-4B6E-BD45-33DA2E6D93A7}
	EndGlobalSection
EndGlobal
